
Microsoft Visual Studio Solution File, Format Version 12.00
# Visual Studio Version 17
VisualStudioVersion = 17.14.36203.30 d17.14
MinimumVisualStudioVersion = 10.0.40219.1
Project("{FAE04EC0-301F-11D3-BF4B-00C04F79EFBC}") = "__PROJECT_NAME__", "__PROJECT_NAME__\__PROJECT_NAME__.csproj", "{2FF2A5D7-22EE-4620-9D34-E0C8C914CA7F}"
EndProject
Global
	GlobalSection(SolutionConfigurationPlatforms) = preSolution
		Debug|Any CPU = Debug|Any CPU
		Release|Any CPU = Release|Any CPU
	EndGlobalSection
	GlobalSection(ProjectConfigurationPlatforms) = postSolution
		{2FF2A5D7-22EE-4620-9D34-E0C8C914CA7F}.Debug|Any CPU.ActiveCfg = Debug|Any CPU
		{2FF2A5D7-22EE-4620-9D34-E0C8C914CA7F}.Debug|Any CPU.Build.0 = Debug|Any CPU
		{2FF2A5D7-22EE-4620-9D34-E0C8C914CA7F}.Release|Any CPU.ActiveCfg = Release|Any CPU
		{2FF2A5D7-22EE-4620-9D34-E0C8C914CA7F}.Release|Any CPU.Build.0 = Release|Any CPU
	EndGlobalSection
	GlobalSection(SolutionProperties) = preSolution
		HideSolutionNode = FALSE
	EndGlobalSection
	GlobalSection(ExtensibilityGlobals) = postSolution
		SolutionGuid = {D146993F-4DE5-4B96-A101-1D7E78D6EF0E}
	EndGlobalSection
EndGlobal
